{
  "name": "@hexlet/code",
  "version": "1.0.0",
  "lockfileVersion": 1,
  "requires": true,
  "dependencies": {
    "mute-stream": {
      "version": "0.0.8",
      "resolved": "https://registry.npmjs.org/mute-stream/-/mute-stream-0.0.8.tgz",
      "integrity": "sha512-nnbWWOkoWyUsTjKrhgD0dcz22mdkSnpYqbEjIm2nhwhuxlSkpywJmBo8h0ZqJdkp73mb90SssHkN4rsRaBAfAA=="
    },
    "promptly": {
      "version": "3.1.0",
      "resolved": "https://registry.npmjs.org/promptly/-/promptly-3.1.0.tgz",
      "integrity": "sha512-ygvIcmkt+eWtrQwI1/w7wDfzfAWI7IJX1AUVsWQEQwTmpQ5jeSyiD1g6NuI9VXWhz8LK5a5Bcngp/sKnOgQtiA==",
      "requires": {
        "read": "^1.0.4"
      }
    },
    "read": {
      "version": "1.0.7",
      "resolved": "https://registry.npmjs.org/read/-/read-1.0.7.tgz",
      "integrity": "sha1-s9oZvQUkMal2cdRKQmNK33ELQMQ=",
      "requires": {
        "mute-stream": "~0.0.4"
      }
    }
  }
}
